# THIS IS AN AUTOGENERATED FILE. DO NOT EDIT THIS FILE DIRECTLY.
# yarn lockfile v1


lucide-react@^0.544.0:
  version "0.544.0"
  resolved "https://registry.yarnpkg.com/lucide-react/-/lucide-react-0.544.0.tgz#4719953c10fd53a64dd8343bb0ed16ec79f3eeef"
  integrity sha512-t5tS44bqd825zAW45UQxpG2CvcC4urOwn2TrwSH8u+MjeE+1NnWl6QqeQ/6NdjMqdOygyiT9p3Ev0p1NJykxjw==
